
Microsoft Visual Studio Solution File, Format Version 12.00
# Visual Studio Version 17
VisualStudioVersion = 17.2.32630.192
MinimumVisualStudioVersion = 10.0.40219.1
Project("{FAE04EC0-301F-11D3-BF4B-00C04F79EFBC}") = "QuizletRipOff", "QuizletRipOff\QuizletRipOff.csproj", "{72EEB8DD-1085-4EC3-A687-82A5D4EC86F1}"
EndProject
Global
	GlobalSection(SolutionConfigurationPlatforms) = preSolution
		Debug|Any CPU = Debug|Any CPU
		Release|Any CPU = Release|Any CPU
	EndGlobalSection
	GlobalSection(ProjectConfigurationPlatforms) = postSolution
		{72EEB8DD-1085-4EC3-A687-82A5D4EC86F1}.Debug|Any CPU.ActiveCfg = Debug|Any CPU
		{72EEB8DD-1085-4EC3-A687-82A5D4EC86F1}.Debug|Any CPU.Build.0 = Debug|Any CPU
		{72EEB8DD-1085-4EC3-A687-82A5D4EC86F1}.Release|Any CPU.ActiveCfg = Release|Any CPU
		{72EEB8DD-1085-4EC3-A687-82A5D4EC86F1}.Release|Any CPU.Build.0 = Release|Any CPU
	EndGlobalSection
	GlobalSection(SolutionProperties) = preSolution
		HideSolutionNode = FALSE
	EndGlobalSection
	GlobalSection(ExtensibilityGlobals) = postSolution
		SolutionGuid = {BC59FBF5-157C-4250-B37F-CBA0F5B31AFA}
	EndGlobalSection
EndGlobal
